
Microsoft Visual Studio Solution File, Format Version 12.00
# Visual Studio Version 17
VisualStudioVersion = 17.13.35913.81
MinimumVisualStudioVersion = 10.0.40219.1
Project("{FAE04EC0-301F-11D3-BF4B-00C04F79EFBC}") = "MediAlert.Api", "MediAlert.Api\MediAlert.Api.csproj", "{2EF2F932-6B46-42B3-82B2-30C4913B82CD}"
EndProject
Project("{2150E333-8FDC-42A3-9474-1A3956D46DE8}") = "API", "API", "{02EA681E-C7D8-13C7-8484-4AC65E1B71E8}"
EndProject
Project("{2150E333-8FDC-42A3-9474-1A3956D46DE8}") = "Configuration", "Configuration", "{08AA6B64-3D45-4C26-96E5-AAE73AE1AFB6}"
EndProject
Project("{2150E333-8FDC-42A3-9474-1A3956D46DE8}") = "DTO", "DTO", "{4B7CDBB5-A71C-408B-A635-BC585E34591E}"
EndProject
Project("{2150E333-8FDC-42A3-9474-1A3956D46DE8}") = "Interface", "Interface", "{68D622E0-DB90-43D3-9557-E4914F6E9520}"
EndProject
Project("{2150E333-8FDC-42A3-9474-1A3956D46DE8}") = "Model", "Model", "{D3C032BB-0F83-4E34-A515-CD7A048DEB58}"
EndProject
Project("{2150E333-8FDC-42A3-9474-1A3956D46DE8}") = "Repository", "Repository", "{F8778FF7-583B-45EE-98F9-599D69883ACB}"
EndProject
Project("{2150E333-8FDC-42A3-9474-1A3956D46DE8}") = "Services", "Services", "{9D29A651-264B-4A7F-B46B-9EFD5FCC3AF9}"
EndProject
Project("{FAE04EC0-301F-11D3-BF4B-00C04F79EFBC}") = "Configuration", "Configuration\Configuration.csproj", "{631BA989-0A06-4348-9D99-ED7DE3314FEE}"
EndProject
Project("{FAE04EC0-301F-11D3-BF4B-00C04F79EFBC}") = "Model", "Model\Model.csproj", "{17454CFE-946A-4F23-8DF2-DE58B2C4C55A}"
EndProject
Project("{FAE04EC0-301F-11D3-BF4B-00C04F79EFBC}") = "Repository", "Repository\Repository.csproj", "{96A1EE46-39BC-4A0D-A346-96471E3CC1B2}"
EndProject
Project("{FAE04EC0-301F-11D3-BF4B-00C04F79EFBC}") = "Interface", "Interface\Interface.csproj", "{F8F365BA-487B-483D-AE46-C4CD074B2B03}"
EndProject
Project("{FAE04EC0-301F-11D3-BF4B-00C04F79EFBC}") = "DTO", "DTO\DTO.csproj", "{30965809-BC8A-4031-9AA1-0D01A0709DFF}"
EndProject
Project("{FAE04EC0-301F-11D3-BF4B-00C04F79EFBC}") = "Services", "Services\Services.csproj", "{78C51B19-D4B6-4086-8DEB-7A3ED4EB372D}"
EndProject
Global
	GlobalSection(SolutionConfigurationPlatforms) = preSolution
		Debug|Any CPU = Debug|Any CPU
		Release|Any CPU = Release|Any CPU
	EndGlobalSection
	GlobalSection(ProjectConfigurationPlatforms) = postSolution
		{2EF2F932-6B46-42B3-82B2-30C4913B82CD}.Debug|Any CPU.ActiveCfg = Debug|Any CPU
		{2EF2F932-6B46-42B3-82B2-30C4913B82CD}.Debug|Any CPU.Build.0 = Debug|Any CPU
		{2EF2F932-6B46-42B3-82B2-30C4913B82CD}.Release|Any CPU.ActiveCfg = Release|Any CPU
		{2EF2F932-6B46-42B3-82B2-30C4913B82CD}.Release|Any CPU.Build.0 = Release|Any CPU
		{631BA989-0A06-4348-9D99-ED7DE3314FEE}.Debug|Any CPU.ActiveCfg = Debug|Any CPU
		{631BA989-0A06-4348-9D99-ED7DE3314FEE}.Debug|Any CPU.Build.0 = Debug|Any CPU
		{631BA989-0A06-4348-9D99-ED7DE3314FEE}.Release|Any CPU.ActiveCfg = Release|Any CPU
		{631BA989-0A06-4348-9D99-ED7DE3314FEE}.Release|Any CPU.Build.0 = Release|Any CPU
		{17454CFE-946A-4F23-8DF2-DE58B2C4C55A}.Debug|Any CPU.ActiveCfg = Debug|Any CPU
		{17454CFE-946A-4F23-8DF2-DE58B2C4C55A}.Debug|Any CPU.Build.0 = Debug|Any CPU
		{17454CFE-946A-4F23-8DF2-DE58B2C4C55A}.Release|Any CPU.ActiveCfg = Release|Any CPU
		{17454CFE-946A-4F23-8DF2-DE58B2C4C55A}.Release|Any CPU.Build.0 = Release|Any CPU
		{96A1EE46-39BC-4A0D-A346-96471E3CC1B2}.Debug|Any CPU.ActiveCfg = Debug|Any CPU
		{96A1EE46-39BC-4A0D-A346-96471E3CC1B2}.Debug|Any CPU.Build.0 = Debug|Any CPU
		{96A1EE46-39BC-4A0D-A346-96471E3CC1B2}.Release|Any CPU.ActiveCfg = Release|Any CPU
		{96A1EE46-39BC-4A0D-A346-96471E3CC1B2}.Release|Any CPU.Build.0 = Release|Any CPU
		{F8F365BA-487B-483D-AE46-C4CD074B2B03}.Debug|Any CPU.ActiveCfg = Debug|Any CPU
		{F8F365BA-487B-483D-AE46-C4CD074B2B03}.Debug|Any CPU.Build.0 = Debug|Any CPU
		{F8F365BA-487B-483D-AE46-C4CD074B2B03}.Release|Any CPU.ActiveCfg = Release|Any CPU
		{F8F365BA-487B-483D-AE46-C4CD074B2B03}.Release|Any CPU.Build.0 = Release|Any CPU
		{30965809-BC8A-4031-9AA1-0D01A0709DFF}.Debug|Any CPU.ActiveCfg = Debug|Any CPU
		{30965809-BC8A-4031-9AA1-0D01A0709DFF}.Debug|Any CPU.Build.0 = Debug|Any CPU
		{30965809-BC8A-4031-9AA1-0D01A0709DFF}.Release|Any CPU.ActiveCfg = Release|Any CPU
		{30965809-BC8A-4031-9AA1-0D01A0709DFF}.Release|Any CPU.Build.0 = Release|Any CPU
		{78C51B19-D4B6-4086-8DEB-7A3ED4EB372D}.Debug|Any CPU.ActiveCfg = Debug|Any CPU
		{78C51B19-D4B6-4086-8DEB-7A3ED4EB372D}.Debug|Any CPU.Build.0 = Debug|Any CPU
		{78C51B19-D4B6-4086-8DEB-7A3ED4EB372D}.Release|Any CPU.ActiveCfg = Release|Any CPU
		{78C51B19-D4B6-4086-8DEB-7A3ED4EB372D}.Release|Any CPU.Build.0 = Release|Any CPU
	EndGlobalSection
	GlobalSection(SolutionProperties) = preSolution
		HideSolutionNode = FALSE
	EndGlobalSection
	GlobalSection(NestedProjects) = preSolution
		{2EF2F932-6B46-42B3-82B2-30C4913B82CD} = {02EA681E-C7D8-13C7-8484-4AC65E1B71E8}
		{631BA989-0A06-4348-9D99-ED7DE3314FEE} = {08AA6B64-3D45-4C26-96E5-AAE73AE1AFB6}
		{17454CFE-946A-4F23-8DF2-DE58B2C4C55A} = {D3C032BB-0F83-4E34-A515-CD7A048DEB58}
		{96A1EE46-39BC-4A0D-A346-96471E3CC1B2} = {F8778FF7-583B-45EE-98F9-599D69883ACB}
		{F8F365BA-487B-483D-AE46-C4CD074B2B03} = {68D622E0-DB90-43D3-9557-E4914F6E9520}
		{30965809-BC8A-4031-9AA1-0D01A0709DFF} = {4B7CDBB5-A71C-408B-A635-BC585E34591E}
		{78C51B19-D4B6-4086-8DEB-7A3ED4EB372D} = {9D29A651-264B-4A7F-B46B-9EFD5FCC3AF9}
	EndGlobalSection
	GlobalSection(ExtensibilityGlobals) = postSolution
		SolutionGuid = {3DCC2D9E-B0E6-4682-AB6A-1E4D42B4560D}
	EndGlobalSection
EndGlobal
